
Microsoft Visual Studio Solution File, Format Version 12.00
Project("{FAE04EC0-301F-11D3-BF4B-00C04F79EFBC}") = "OutBoxPattern.Sample", "OutBoxPattern.Sample\OutBoxPattern.Sample.csproj", "{A1F149DC-5951-47CC-B76E-13749FB625E5}"
EndProject
Project("{2150E333-8FDC-42A3-9474-1A3956D46DE8}") = "OutBoxPattern", "OutBoxPattern", "{3F1CB092-2522-49A0-BE5F-3DCAF88B7C0D}"
EndProject
Project("{2150E333-8FDC-42A3-9474-1A3956D46DE8}") = "SagaOrchestrationPattern", "SagaOrchestrationPattern", "{5201FC5C-61BE-4075-B713-5879A5394A42}"
EndProject
Project("{FAE04EC0-301F-11D3-BF4B-00C04F79EFBC}") = "EmailService", "EmailService\EmailService.csproj", "{0B423134-D53F-4B95-B52C-A7C217011475}"
EndProject
Project("{FAE04EC0-301F-11D3-BF4B-00C04F79EFBC}") = "Events", "Events\Events.csproj", "{340DA465-782E-472E-9666-3EB7DE3088C6}"
EndProject
Project("{FAE04EC0-301F-11D3-BF4B-00C04F79EFBC}") = "GenerateTicket", "GenerateTicket\GenerateTicket.csproj", "{B6BCBE60-0C81-499F-8D58-476B883BADAB}"
EndProject
Project("{FAE04EC0-301F-11D3-BF4B-00C04F79EFBC}") = "MessageBrokers", "MessageBrokers\MessageBrokers.csproj", "{99BFF3B7-5791-49C5-87A8-CECE0780DF93}"
EndProject
Project("{FAE04EC0-301F-11D3-BF4B-00C04F79EFBC}") = "SagaService", "SagaService\SagaService.csproj", "{999B8D3F-F34F-4733-B0BF-F022019B9AA5}"
EndProject
Project("{FAE04EC0-301F-11D3-BF4B-00C04F79EFBC}") = "SagaStateMachine", "SagaStateMachine\SagaStateMachine.csproj", "{C60C5D9C-D2AE-40B8-8266-2AA816501123}"
EndProject
Project("{FAE04EC0-301F-11D3-BF4B-00C04F79EFBC}") = "TicketService", "TicketService\TicketService.csproj", "{0DEFDF42-ACB7-4634-BB47-1091D064D38A}"
EndProject
Global
	GlobalSection(SolutionConfigurationPlatforms) = preSolution
		Debug|Any CPU = Debug|Any CPU
		Release|Any CPU = Release|Any CPU
	EndGlobalSection
	GlobalSection(ProjectConfigurationPlatforms) = postSolution
		{A1F149DC-5951-47CC-B76E-13749FB625E5}.Debug|Any CPU.ActiveCfg = Debug|Any CPU
		{A1F149DC-5951-47CC-B76E-13749FB625E5}.Debug|Any CPU.Build.0 = Debug|Any CPU
		{A1F149DC-5951-47CC-B76E-13749FB625E5}.Release|Any CPU.ActiveCfg = Release|Any CPU
		{A1F149DC-5951-47CC-B76E-13749FB625E5}.Release|Any CPU.Build.0 = Release|Any CPU
		{0B423134-D53F-4B95-B52C-A7C217011475}.Debug|Any CPU.ActiveCfg = Debug|Any CPU
		{0B423134-D53F-4B95-B52C-A7C217011475}.Debug|Any CPU.Build.0 = Debug|Any CPU
		{0B423134-D53F-4B95-B52C-A7C217011475}.Release|Any CPU.ActiveCfg = Release|Any CPU
		{0B423134-D53F-4B95-B52C-A7C217011475}.Release|Any CPU.Build.0 = Release|Any CPU
		{340DA465-782E-472E-9666-3EB7DE3088C6}.Debug|Any CPU.ActiveCfg = Debug|Any CPU
		{340DA465-782E-472E-9666-3EB7DE3088C6}.Debug|Any CPU.Build.0 = Debug|Any CPU
		{340DA465-782E-472E-9666-3EB7DE3088C6}.Release|Any CPU.ActiveCfg = Release|Any CPU
		{340DA465-782E-472E-9666-3EB7DE3088C6}.Release|Any CPU.Build.0 = Release|Any CPU
		{B6BCBE60-0C81-499F-8D58-476B883BADAB}.Debug|Any CPU.ActiveCfg = Debug|Any CPU
		{B6BCBE60-0C81-499F-8D58-476B883BADAB}.Debug|Any CPU.Build.0 = Debug|Any CPU
		{B6BCBE60-0C81-499F-8D58-476B883BADAB}.Release|Any CPU.ActiveCfg = Release|Any CPU
		{B6BCBE60-0C81-499F-8D58-476B883BADAB}.Release|Any CPU.Build.0 = Release|Any CPU
		{99BFF3B7-5791-49C5-87A8-CECE0780DF93}.Debug|Any CPU.ActiveCfg = Debug|Any CPU
		{99BFF3B7-5791-49C5-87A8-CECE0780DF93}.Debug|Any CPU.Build.0 = Debug|Any CPU
		{99BFF3B7-5791-49C5-87A8-CECE0780DF93}.Release|Any CPU.ActiveCfg = Release|Any CPU
		{99BFF3B7-5791-49C5-87A8-CECE0780DF93}.Release|Any CPU.Build.0 = Release|Any CPU
		{999B8D3F-F34F-4733-B0BF-F022019B9AA5}.Debug|Any CPU.ActiveCfg = Debug|Any CPU
		{999B8D3F-F34F-4733-B0BF-F022019B9AA5}.Debug|Any CPU.Build.0 = Debug|Any CPU
		{999B8D3F-F34F-4733-B0BF-F022019B9AA5}.Release|Any CPU.ActiveCfg = Release|Any CPU
		{999B8D3F-F34F-4733-B0BF-F022019B9AA5}.Release|Any CPU.Build.0 = Release|Any CPU
		{C60C5D9C-D2AE-40B8-8266-2AA816501123}.Debug|Any CPU.ActiveCfg = Debug|Any CPU
		{C60C5D9C-D2AE-40B8-8266-2AA816501123}.Debug|Any CPU.Build.0 = Debug|Any CPU
		{C60C5D9C-D2AE-40B8-8266-2AA816501123}.Release|Any CPU.ActiveCfg = Release|Any CPU
		{C60C5D9C-D2AE-40B8-8266-2AA816501123}.Release|Any CPU.Build.0 = Release|Any CPU
		{0DEFDF42-ACB7-4634-BB47-1091D064D38A}.Debug|Any CPU.ActiveCfg = Debug|Any CPU
		{0DEFDF42-ACB7-4634-BB47-1091D064D38A}.Debug|Any CPU.Build.0 = Debug|Any CPU
		{0DEFDF42-ACB7-4634-BB47-1091D064D38A}.Release|Any CPU.ActiveCfg = Release|Any CPU
		{0DEFDF42-ACB7-4634-BB47-1091D064D38A}.Release|Any CPU.Build.0 = Release|Any CPU
	EndGlobalSection
	GlobalSection(NestedProjects) = preSolution
		{A1F149DC-5951-47CC-B76E-13749FB625E5} = {3F1CB092-2522-49A0-BE5F-3DCAF88B7C0D}
		{0B423134-D53F-4B95-B52C-A7C217011475} = {5201FC5C-61BE-4075-B713-5879A5394A42}
		{340DA465-782E-472E-9666-3EB7DE3088C6} = {5201FC5C-61BE-4075-B713-5879A5394A42}
		{B6BCBE60-0C81-499F-8D58-476B883BADAB} = {5201FC5C-61BE-4075-B713-5879A5394A42}
		{99BFF3B7-5791-49C5-87A8-CECE0780DF93} = {5201FC5C-61BE-4075-B713-5879A5394A42}
		{999B8D3F-F34F-4733-B0BF-F022019B9AA5} = {5201FC5C-61BE-4075-B713-5879A5394A42}
		{C60C5D9C-D2AE-40B8-8266-2AA816501123} = {5201FC5C-61BE-4075-B713-5879A5394A42}
		{0DEFDF42-ACB7-4634-BB47-1091D064D38A} = {5201FC5C-61BE-4075-B713-5879A5394A42}
	EndGlobalSection
EndGlobal
